
Microsoft Visual Studio Solution File, Format Version 12.00
# Visual Studio Version 16
VisualStudioVersion = 16.0.31515.178
MinimumVisualStudioVersion = 10.0.40219.1
Project("{FAE04EC0-301F-11D3-BF4B-00C04F79EFBC}") = "Ex03.GarageLogic", "C21 Ex03 LironKotev 318598380 ChenPakman 208711978\Ex03.GarageLogic.csproj", "{1B0C638F-D18F-4B07-8856-15D285C61634}"
EndProject
Project("{FAE04EC0-301F-11D3-BF4B-00C04F79EFBC}") = "Ex03.ConsoleUI", "Ex03.ConsoleUI\Ex03.ConsoleUI.csproj", "{198EFBCB-6CE7-47F6-86DC-9319C0CDD254}"
EndProject
Global
	GlobalSection(SolutionConfigurationPlatforms) = preSolution
		Debug|Any CPU = Debug|Any CPU
		Release|Any CPU = Release|Any CPU
	EndGlobalSection
	GlobalSection(ProjectConfigurationPlatforms) = postSolution
		{1B0C638F-D18F-4B07-8856-15D285C61634}.Debug|Any CPU.ActiveCfg = Debug|Any CPU
		{1B0C638F-D18F-4B07-8856-15D285C61634}.Debug|Any CPU.Build.0 = Debug|Any CPU
		{1B0C638F-D18F-4B07-8856-15D285C61634}.Release|Any CPU.ActiveCfg = Release|Any CPU
		{1B0C638F-D18F-4B07-8856-15D285C61634}.Release|Any CPU.Build.0 = Release|Any CPU
		{198EFBCB-6CE7-47F6-86DC-9319C0CDD254}.Debug|Any CPU.ActiveCfg = Debug|Any CPU
		{198EFBCB-6CE7-47F6-86DC-9319C0CDD254}.Debug|Any CPU.Build.0 = Debug|Any CPU
		{198EFBCB-6CE7-47F6-86DC-9319C0CDD254}.Release|Any CPU.ActiveCfg = Release|Any CPU
		{198EFBCB-6CE7-47F6-86DC-9319C0CDD254}.Release|Any CPU.Build.0 = Release|Any CPU
	EndGlobalSection
	GlobalSection(SolutionProperties) = preSolution
		HideSolutionNode = FALSE
	EndGlobalSection
	GlobalSection(ExtensibilityGlobals) = postSolution
		SolutionGuid = {F8B99883-4DED-40B5-8B62-49B0B43C0577}
	EndGlobalSection
EndGlobal
